
Microsoft Visual Studio Solution File, Format Version 12.00
# Visual Studio Version 17
VisualStudioVersion = 17.5.002.0
MinimumVisualStudioVersion = 10.0.40219.1
Project("{9A19103F-16F7-4668-BE54-9A1E7A4F7556}") = "PropellantEval", "PropellantEval.csproj", "{B3D665A6-8456-4254-BC7D-8762C254F964}"
EndProject
Global
	GlobalSection(SolutionConfigurationPlatforms) = preSolution
		Debug|Any CPU = Debug|Any CPU
		Release|Any CPU = Release|Any CPU
	EndGlobalSection
	GlobalSection(ProjectConfigurationPlatforms) = postSolution
		{B3D665A6-8456-4254-BC7D-8762C254F964}.Debug|Any CPU.ActiveCfg = Debug|Any CPU
		{B3D665A6-8456-4254-BC7D-8762C254F964}.Debug|Any CPU.Build.0 = Debug|Any CPU
		{B3D665A6-8456-4254-BC7D-8762C254F964}.Release|Any CPU.ActiveCfg = Release|Any CPU
		{B3D665A6-8456-4254-BC7D-8762C254F964}.Release|Any CPU.Build.0 = Release|Any CPU
	EndGlobalSection
	GlobalSection(SolutionProperties) = preSolution
		HideSolutionNode = FALSE
	EndGlobalSection
	GlobalSection(ExtensibilityGlobals) = postSolution
		SolutionGuid = {DDF9523D-6464-44E9-9089-2AA18C237995}
	EndGlobalSection
EndGlobal
